git.noncepad.com/pkg/bot v0.3.1 h1:SB1otw0rYZRMQdG9Q3/dFqj9cUa49pyy3XRbkjug1eM=
git.noncepad.com/pkg/bot v0.3.1/go.mod h1:POW8ZNrnP8aE7jt0dU94p+hh9BEZkJyzklcqpfARk14=
git.noncepad.com/pkg/solpipe-util v0.3.4 h1:mWzfukemz8B888IbnTnXjOodxWKsN7x0oUvzeuHYWYk=
git.noncepad.com/pkg/solpipe-util v0.3.4/go.mod h1:T8pavaV435IGQB/MPjJNH19zGqqCRJPJ+M3TNtLyLFY=
